
Microsoft Visual Studio Solution File, Format Version 12.00
# Visual Studio 14
VisualStudioVersion = 14.0.24720.0
MinimumVisualStudioVersion = 10.0.40219.1
Project("{FAE04EC0-301F-11D3-BF4B-00C04F79EFBC}") = "ADS_MD5CryptoServiceProvider", "ADS_MD5CryptoServiceProvider\ADS_MD5CryptoServiceProvider.csproj", "{45F31A13-0830-42EB-A558-C88A44E3DB07}"
EndProject
Global
	GlobalSection(SolutionConfigurationPlatforms) = preSolution
		Debug|Any CPU = Debug|Any CPU
		Release|Any CPU = Release|Any CPU
	EndGlobalSection
	GlobalSection(ProjectConfigurationPlatforms) = postSolution
		{45F31A13-0830-42EB-A558-C88A44E3DB07}.Debug|Any CPU.ActiveCfg = Debug|Any CPU
		{45F31A13-0830-42EB-A558-C88A44E3DB07}.Debug|Any CPU.Build.0 = Debug|Any CPU
		{45F31A13-0830-42EB-A558-C88A44E3DB07}.Release|Any CPU.ActiveCfg = Release|Any CPU
		{45F31A13-0830-42EB-A558-C88A44E3DB07}.Release|Any CPU.Build.0 = Release|Any CPU
	EndGlobalSection
	GlobalSection(SolutionProperties) = preSolution
		HideSolutionNode = FALSE
	EndGlobalSection
EndGlobal
